
Microsoft Visual Studio Solution File, Format Version 12.00
# Visual Studio Version 16
VisualStudioVersion = 16.0.31129.286
MinimumVisualStudioVersion = 10.0.40219.1
Project("{9A19103F-16F7-4668-BE54-9A1E7A4F7556}") = "CursoMVC", "CursoMVC.csproj", "{B2349EE8-3937-455D-AF52-CC21D7502D75}"
EndProject
Project("{FAE04EC0-301F-11D3-BF4B-00C04F79EFBC}") = "CursoAPI", "..\CursoAPI\CursoAPI.csproj", "{0E46B9DE-6C21-4A4F-835C-429EABCFC8C1}"
EndProject
Project("{FAE04EC0-301F-11D3-BF4B-00C04F79EFBC}") = "TestProject1", "..\TestProject1\TestProject1.csproj", "{8D1A758F-8D3D-4FDB-A0D3-C74404DE8014}"
EndProject
Global
	GlobalSection(SolutionConfigurationPlatforms) = preSolution
		Debug|Any CPU = Debug|Any CPU
		Release|Any CPU = Release|Any CPU
	EndGlobalSection
	GlobalSection(ProjectConfigurationPlatforms) = postSolution
		{B2349EE8-3937-455D-AF52-CC21D7502D75}.Debug|Any CPU.ActiveCfg = Debug|Any CPU
		{B2349EE8-3937-455D-AF52-CC21D7502D75}.Debug|Any CPU.Build.0 = Debug|Any CPU
		{B2349EE8-3937-455D-AF52-CC21D7502D75}.Release|Any CPU.ActiveCfg = Release|Any CPU
		{B2349EE8-3937-455D-AF52-CC21D7502D75}.Release|Any CPU.Build.0 = Release|Any CPU
		{0E46B9DE-6C21-4A4F-835C-429EABCFC8C1}.Debug|Any CPU.ActiveCfg = Debug|Any CPU
		{0E46B9DE-6C21-4A4F-835C-429EABCFC8C1}.Debug|Any CPU.Build.0 = Debug|Any CPU
		{0E46B9DE-6C21-4A4F-835C-429EABCFC8C1}.Release|Any CPU.ActiveCfg = Release|Any CPU
		{0E46B9DE-6C21-4A4F-835C-429EABCFC8C1}.Release|Any CPU.Build.0 = Release|Any CPU
		{8D1A758F-8D3D-4FDB-A0D3-C74404DE8014}.Debug|Any CPU.ActiveCfg = Debug|Any CPU
		{8D1A758F-8D3D-4FDB-A0D3-C74404DE8014}.Debug|Any CPU.Build.0 = Debug|Any CPU
		{8D1A758F-8D3D-4FDB-A0D3-C74404DE8014}.Release|Any CPU.ActiveCfg = Release|Any CPU
		{8D1A758F-8D3D-4FDB-A0D3-C74404DE8014}.Release|Any CPU.Build.0 = Release|Any CPU
	EndGlobalSection
	GlobalSection(SolutionProperties) = preSolution
		HideSolutionNode = FALSE
	EndGlobalSection
	GlobalSection(ExtensibilityGlobals) = postSolution
		SolutionGuid = {2DC4705F-646C-45DE-A500-F18154A8866D}
	EndGlobalSection
EndGlobal
