
Microsoft Visual Studio Solution File, Format Version 12.00
# Visual Studio Version 16
VisualStudioVersion = 16.0.31129.286
MinimumVisualStudioVersion = 10.0.40219.1
Project("{FAE04EC0-301F-11D3-BF4B-00C04F79EFBC}") = "CursoMVC", "CursoMVC.csproj", "{B2349EE8-3937-455D-AF52-CC21D7502D75}"
EndProject
Global
	GlobalSection(SolutionConfigurationPlatforms) = preSolution
		Debug|Any CPU = Debug|Any CPU
		Release|Any CPU = Release|Any CPU
	EndGlobalSection
	GlobalSection(ProjectConfigurationPlatforms) = postSolution
		{B2349EE8-3937-455D-AF52-CC21D7502D75}.Debug|Any CPU.ActiveCfg = Debug|Any CPU
		{B2349EE8-3937-455D-AF52-CC21D7502D75}.Debug|Any CPU.Build.0 = Debug|Any CPU
		{B2349EE8-3937-455D-AF52-CC21D7502D75}.Release|Any CPU.ActiveCfg = Release|Any CPU
		{B2349EE8-3937-455D-AF52-CC21D7502D75}.Release|Any CPU.Build.0 = Release|Any CPU
	EndGlobalSection
	GlobalSection(SolutionProperties) = preSolution
		HideSolutionNode = FALSE
	EndGlobalSection
	GlobalSection(ExtensibilityGlobals) = postSolution
		SolutionGuid = {2DC4705F-646C-45DE-A500-F18154A8866D}
	EndGlobalSection
EndGlobal
